// !$*UTF8*$!
{
	archiveVersion = 1;
	classes = {
	};
	objectVersion = 50;
	objects = {

/* Begin PBXBuildFile section */
		CB5A55C622CD7A9500F090C0 /* main.cpp in Sources */ = {isa = PBXBuildFile; fileRef = CB5A55C522CD7A9500F090C0 /* main.cpp */; };
		CB5A55FD22CD7AE000F090C0 /* libopencv_ccalib.4.1.0.dylib in Frameworks */ = {isa = PBXBuildFile; fileRef = CB5A55CD22CD7ADF00F090C0 /* libopencv_ccalib.4.1.0.dylib */; };
		CB5A55FE22CD7AE000F090C0 /* libopencv_dpm.4.1.0.dylib in Frameworks */ = {isa = PBXBuildFile; fileRef = CB5A55CE22CD7ADF00F090C0 /* libopencv_dpm.4.1.0.dylib */; };
		CB5A55FF22CD7AE000F090C0 /* libopencv_ximgproc.4.1.0.dylib in Frameworks */ = {isa = PBXBuildFile; fileRef = CB5A55CF22CD7ADF00F090C0 /* libopencv_ximgproc.4.1.0.dylib */; };
		CB5A560022CD7AE000F090C0 /* libopencv_objdetect.4.1.0.dylib in Frameworks */ = {isa = PBXBuildFile; fileRef = CB5A55D022CD7ADF00F090C0 /* libopencv_objdetect.4.1.0.dylib */; };
		CB5A560122CD7AE000F090C0 /* libopencv_dnn.4.1.0.dylib in Frameworks */ = {isa = PBXBuildFile; fileRef = CB5A55D122CD7ADF00F090C0 /* libopencv_dnn.4.1.0.dylib */; };
		CB5A560222CD7AE000F090C0 /* libopencv_videoio.4.1.0.dylib in Frameworks */ = {isa = PBXBuildFile; fileRef = CB5A55D222CD7ADF00F090C0 /* libopencv_videoio.4.1.0.dylib */; };
		CB5A560322CD7AE000F090C0 /* libopencv_video.4.1.0.dylib in Frameworks */ = {isa = PBXBuildFile; fileRef = CB5A55D322CD7ADF00F090C0 /* libopencv_video.4.1.0.dylib */; };
		CB5A560422CD7AE000F090C0 /* libopencv_imgproc.4.1.0.dylib in Frameworks */ = {isa = PBXBuildFile; fileRef = CB5A55D422CD7ADF00F090C0 /* libopencv_imgproc.4.1.0.dylib */; };
		CB5A560522CD7AE000F090C0 /* libopencv_freetype.4.1.0.dylib in Frameworks */ = {isa = PBXBuildFile; fileRef = CB5A55D522CD7ADF00F090C0 /* libopencv_freetype.4.1.0.dylib */; };
		CB5A560622CD7AE000F090C0 /* libopencv_imgcodecs.4.1.0.dylib in Frameworks */ = {isa = PBXBuildFile; fileRef = CB5A55D622CD7ADF00F090C0 /* libopencv_imgcodecs.4.1.0.dylib */; };
		CB5A560722CD7AE000F090C0 /* libopencv_fuzzy.4.1.0.dylib in Frameworks */ = {isa = PBXBuildFile; fileRef = CB5A55D722CD7ADF00F090C0 /* libopencv_fuzzy.4.1.0.dylib */; };
		CB5A560822CD7AE000F090C0 /* libopencv_gapi.4.1.0.dylib in Frameworks */ = {isa = PBXBuildFile; fileRef = CB5A55D822CD7ADF00F090C0 /* libopencv_gapi.4.1.0.dylib */; };
		CB5A560922CD7AE000F090C0 /* libopencv_plot.4.1.0.dylib in Frameworks */ = {isa = PBXBuildFile; fileRef = CB5A55D922CD7ADF00F090C0 /* libopencv_plot.4.1.0.dylib */; };
		CB5A560A22CD7AE000F090C0 /* libopencv_sfm.4.1.0.dylib in Frameworks */ = {isa = PBXBuildFile; fileRef = CB5A55DA22CD7ADF00F090C0 /* libopencv_sfm.4.1.0.dylib */; };
		CB5A560B22CD7AE000F090C0 /* libopencv_rgbd.4.1.0.dylib in Frameworks */ = {isa = PBXBuildFile; fileRef = CB5A55DB22CD7ADF00F090C0 /* libopencv_rgbd.4.1.0.dylib */; };
		CB5A560C22CD7AE000F090C0 /* libopencv_shape.4.1.0.dylib in Frameworks */ = {isa = PBXBuildFile; fileRef = CB5A55DC22CD7ADF00F090C0 /* libopencv_shape.4.1.0.dylib */; };
		CB5A560D22CD7AE000F090C0 /* libopencv_videostab.4.1.0.dylib in Frameworks */ = {isa = PBXBuildFile; fileRef = CB5A55DD22CD7ADF00F090C0 /* libopencv_videostab.4.1.0.dylib */; };
		CB5A560E22CD7AE000F090C0 /* libopencv_bioinspired.4.1.0.dylib in Frameworks */ = {isa = PBXBuildFile; fileRef = CB5A55DE22CD7ADF00F090C0 /* libopencv_bioinspired.4.1.0.dylib */; };
		CB5A560F22CD7AE000F090C0 /* libopencv_xobjdetect.4.1.0.dylib in Frameworks */ = {isa = PBXBuildFile; fileRef = CB5A55DF22CD7ADF00F090C0 /* libopencv_xobjdetect.4.1.0.dylib */; };
		CB5A561022CD7AE000F090C0 /* libopencv_xphoto.4.1.0.dylib in Frameworks */ = {isa = PBXBuildFile; fileRef = CB5A55E022CD7ADF00F090C0 /* libopencv_xphoto.4.1.0.dylib */; };
		CB5A561122CD7AE000F090C0 /* libopencv_ml.4.1.0.dylib in Frameworks */ = {isa = PBXBuildFile; fileRef = CB5A55E122CD7ADF00F090C0 /* libopencv_ml.4.1.0.dylib */; };
		CB5A561222CD7AE000F090C0 /* libopencv_datasets.4.1.0.dylib in Frameworks */ = {isa = PBXBuildFile; fileRef = CB5A55E222CD7ADF00F090C0 /* libopencv_datasets.4.1.0.dylib */; };
		CB5A561322CD7AE000F090C0 /* libopencv_highgui.4.1.0.dylib in Frameworks */ = {isa = PBXBuildFile; fileRef = CB5A55E322CD7ADF00F090C0 /* libopencv_highgui.4.1.0.dylib */; };
		CB5A561422CD7AE000F090C0 /* libopencv_img_hash.4.1.0.dylib in Frameworks */ = {isa = PBXBuildFile; fileRef = CB5A55E422CD7ADF00F090C0 /* libopencv_img_hash.4.1.0.dylib */; };
		CB5A561522CD7AE000F090C0 /* libopencv_hfs.4.1.0.dylib in Frameworks */ = {isa = PBXBuildFile; fileRef = CB5A55E522CD7ADF00F090C0 /* libopencv_hfs.4.1.0.dylib */; };
		CB5A561622CD7AE000F090C0 /* libopencv_core.4.1.0.dylib in Frameworks */ = {isa = PBXBuildFile; fileRef = CB5A55E622CD7ADF00F090C0 /* libopencv_core.4.1.0.dylib */; };
		CB5A561722CD7AE000F090C0 /* libopencv_surface_matching.4.1.0.dylib in Frameworks */ = {isa = PBXBuildFile; fileRef = CB5A55E722CD7ADF00F090C0 /* libopencv_surface_matching.4.1.0.dylib */; };
		CB5A561822CD7AE000F090C0 /* libopencv_xfeatures2d.4.1.0.dylib in Frameworks */ = {isa = PBXBuildFile; fileRef = CB5A55E822CD7ADF00F090C0 /* libopencv_xfeatures2d.4.1.0.dylib */; };
		CB5A561922CD7AE000F090C0 /* libopencv_saliency.4.1.0.dylib in Frameworks */ = {isa = PBXBuildFile; fileRef = CB5A55E922CD7ADF00F090C0 /* libopencv_saliency.4.1.0.dylib */; };
		CB5A561A22CD7AE000F090C0 /* libopencv_phase_unwrapping.4.1.0.dylib in Frameworks */ = {isa = PBXBuildFile; fileRef = CB5A55EA22CD7ADF00F090C0 /* libopencv_phase_unwrapping.4.1.0.dylib */; };
		CB5A561B22CD7AE000F090C0 /* libopencv_photo.4.1.0.dylib in Frameworks */ = {isa = PBXBuildFile; fileRef = CB5A55EB22CD7ADF00F090C0 /* libopencv_photo.4.1.0.dylib */; };
		CB5A561C22CD7AE000F090C0 /* libopencv_line_descriptor.4.1.0.dylib in Frameworks */ = {isa = PBXBuildFile; fileRef = CB5A55EC22CD7ADF00F090C0 /* libopencv_line_descriptor.4.1.0.dylib */; };
		CB5A561D22CD7AE000F090C0 /* libopencv_quality.4.1.0.dylib in Frameworks */ = {isa = PBXBuildFile; fileRef = CB5A55ED22CD7ADF00F090C0 /* libopencv_quality.4.1.0.dylib */; };
		CB5A561E22CD7AE000F090C0 /* libopencv_tracking.4.1.0.dylib in Frameworks */ = {isa = PBXBuildFile; fileRef = CB5A55EE22CD7ADF00F090C0 /* libopencv_tracking.4.1.0.dylib */; };
		CB5A561F22CD7AE000F090C0 /* libopencv_aruco.4.1.0.dylib in Frameworks */ = {isa = PBXBuildFile; fileRef = CB5A55EF22CD7ADF00F090C0 /* libopencv_aruco.4.1.0.dylib */; };
		CB5A562022CD7AE000F090C0 /* libopencv_text.4.1.0.dylib in Frameworks */ = {isa = PBXBuildFile; fileRef = CB5A55F022CD7ADF00F090C0 /* libopencv_text.4.1.0.dylib */; };
		CB5A562122CD7AE000F090C0 /* libopencv_stereo.4.1.0.dylib in Frameworks */ = {isa = PBXBuildFile; fileRef = CB5A55F122CD7ADF00F090C0 /* libopencv_stereo.4.1.0.dylib */; };
		CB5A562222CD7AE000F090C0 /* libopencv_superres.4.1.0.dylib in Frameworks */ = {isa = PBXBuildFile; fileRef = CB5A55F222CD7ADF00F090C0 /* libopencv_superres.4.1.0.dylib */; };
		CB5A562322CD7AE000F090C0 /* libopencv_face.4.1.0.dylib in Frameworks */ = {isa = PBXBuildFile; fileRef = CB5A55F322CD7ADF00F090C0 /* libopencv_face.4.1.0.dylib */; };
		CB5A562422CD7AE000F090C0 /* libopencv_bgsegm.4.1.0.dylib in Frameworks */ = {isa = PBXBuildFile; fileRef = CB5A55F422CD7ADF00F090C0 /* libopencv_bgsegm.4.1.0.dylib */; };
		CB5A562522CD7AE000F090C0 /* libopencv_dnn_objdetect.4.1.0.dylib in Frameworks */ = {isa = PBXBuildFile; fileRef = CB5A55F522CD7ADF00F090C0 /* libopencv_dnn_objdetect.4.1.0.dylib */; };
		CB5A562622CD7AE000F090C0 /* libopencv_calib3d.4.1.0.dylib in Frameworks */ = {isa = PBXBuildFile; fileRef = CB5A55F622CD7ADF00F090C0 /* libopencv_calib3d.4.1.0.dylib */; };
		CB5A562722CD7AE000F090C0 /* libopencv_features2d.4.1.0.dylib in Frameworks */ = {isa = PBXBuildFile; fileRef = CB5A55F722CD7ADF00F090C0 /* libopencv_features2d.4.1.0.dylib */; };
		CB5A562822CD7AE000F090C0 /* libopencv_flann.4.1.0.dylib in Frameworks */ = {isa = PBXBuildFile; fileRef = CB5A55F822CD7AE000F090C0 /* libopencv_flann.4.1.0.dylib */; };
		CB5A562922CD7AE000F090C0 /* libopencv_optflow.4.1.0.dylib in Frameworks */ = {isa = PBXBuildFile; fileRef = CB5A55F922CD7AE000F090C0 /* libopencv_optflow.4.1.0.dylib */; };
		CB5A562A22CD7AE000F090C0 /* libopencv_stitching.4.1.0.dylib in Frameworks */ = {isa = PBXBuildFile; fileRef = CB5A55FA22CD7AE000F090C0 /* libopencv_stitching.4.1.0.dylib */; };
		CB5A562B22CD7AE000F090C0 /* libopencv_reg.4.1.0.dylib in Frameworks */ = {isa = PBXBuildFile; fileRef = CB5A55FB22CD7AE000F090C0 /* libopencv_reg.4.1.0.dylib */; };
		CB5A562C22CD7AE000F090C0 /* libopencv_structured_light.4.1.0.dylib in Frameworks */ = {isa = PBXBuildFile; fileRef = CB5A55FC22CD7AE000F090C0 /* libopencv_structured_light.4.1.0.dylib */; };
		CB5A562F22CD7AF900F090C0 /* HOGImage.cpp in Sources */ = {isa = PBXBuildFile; fileRef = CB5A562D22CD7AF900F090C0 /* HOGImage.cpp */; };
		CB5A563222CD7C6500F090C0 /* images in CopyFiles */ = {isa = PBXBuildFile; fileRef = CB5A563122CD7C4B00F090C0 /* images */; };
/* End PBXBuildFile section */

/* Begin PBXCopyFilesBuildPhase section */
		CB5A55C022CD7A9500F090C0 /* CopyFiles */ = {
			isa = PBXCopyFilesBuildPhase;
			buildActionMask = 12;
			dstPath = "";
			dstSubfolderSpec = 7;
			files = (
				CB5A563222CD7C6500F090C0 /* images in CopyFiles */,
			);
			runOnlyForDeploymentPostprocessing = 0;
		};
/* End PBXCopyFilesBuildPhase section */

/* Begin PBXFileReference section */
		CB5A55C222CD7A9500F090C0 /* HOGImage */ = {isa = PBXFileReference; explicitFileType = "compiled.mach-o.executable"; includeInIndex = 0; path = HOGImage; sourceTree = BUILT_PRODUCTS_DIR; };
		CB5A55C522CD7A9500F090C0 /* main.cpp */ = {isa = PBXFileReference; lastKnownFileType = sourcecode.cpp.cpp; path = main.cpp; sourceTree = "<group>"; };
		CB5A55CD22CD7ADF00F090C0 /* libopencv_ccalib.4.1.0.dylib */ = {isa = PBXFileReference; lastKnownFileType = "compiled.mach-o.dylib"; name = libopencv_ccalib.4.1.0.dylib; path = ../../../../usr/local/Cellar/opencv/4.1.0_2/lib/libopencv_ccalib.4.1.0.dylib; sourceTree = "<group>"; };
		CB5A55CE22CD7ADF00F090C0 /* libopencv_dpm.4.1.0.dylib */ = {isa = PBXFileReference; lastKnownFileType = "compiled.mach-o.dylib"; name = libopencv_dpm.4.1.0.dylib; path = ../../../../usr/local/Cellar/opencv/4.1.0_2/lib/libopencv_dpm.4.1.0.dylib; sourceTree = "<group>"; };
		CB5A55CF22CD7ADF00F090C0 /* libopencv_ximgproc.4.1.0.dylib */ = {isa = PBXFileReference; lastKnownFileType = "compiled.mach-o.dylib"; name = libopencv_ximgproc.4.1.0.dylib; path = ../../../../usr/local/Cellar/opencv/4.1.0_2/lib/libopencv_ximgproc.4.1.0.dylib; sourceTree = "<group>"; };
		CB5A55D022CD7ADF00F090C0 /* libopencv_objdetect.4.1.0.dylib */ = {isa = PBXFileReference; lastKnownFileType = "compiled.mach-o.dylib"; name = libopencv_objdetect.4.1.0.dylib; path = ../../../../usr/local/Cellar/opencv/4.1.0_2/lib/libopencv_objdetect.4.1.0.dylib; sourceTree = "<group>"; };
		CB5A55D122CD7ADF00F090C0 /* libopencv_dnn.4.1.0.dylib */ = {isa = PBXFileReference; lastKnownFileType = "compiled.mach-o.dylib"; name = libopencv_dnn.4.1.0.dylib; path = ../../../../usr/local/Cellar/opencv/4.1.0_2/lib/libopencv_dnn.4.1.0.dylib; sourceTree = "<group>"; };
		CB5A55D222CD7ADF00F090C0 /* libopencv_videoio.4.1.0.dylib */ = {isa = PBXFileReference; lastKnownFileType = "compiled.mach-o.dylib"; name = libopencv_videoio.4.1.0.dylib; path = ../../../../usr/local/Cellar/opencv/4.1.0_2/lib/libopencv_videoio.4.1.0.dylib; sourceTree = "<group>"; };
		CB5A55D322CD7ADF00F090C0 /* libopencv_video.4.1.0.dylib */ = {isa = PBXFileReference; lastKnownFileType = "compiled.mach-o.dylib"; name = libopencv_video.4.1.0.dylib; path = ../../../../usr/local/Cellar/opencv/4.1.0_2/lib/libopencv_video.4.1.0.dylib; sourceTree = "<group>"; };
		CB5A55D422CD7ADF00F090C0 /* libopencv_imgproc.4.1.0.dylib */ = {isa = PBXFileReference; lastKnownFileType = "compiled.mach-o.dylib"; name = libopencv_imgproc.4.1.0.dylib; path = ../../../../usr/local/Cellar/opencv/4.1.0_2/lib/libopencv_imgproc.4.1.0.dylib; sourceTree = "<group>"; };
		CB5A55D522CD7ADF00F090C0 /* libopencv_freetype.4.1.0.dylib */ = {isa = PBXFileReference; lastKnownFileType = "compiled.mach-o.dylib"; name = libopencv_freetype.4.1.0.dylib; path = ../../../../usr/local/Cellar/opencv/4.1.0_2/lib/libopencv_freetype.4.1.0.dylib; sourceTree = "<group>"; };
		CB5A55D622CD7ADF00F090C0 /* libopencv_imgcodecs.4.1.0.dylib */ = {isa = PBXFileReference; lastKnownFileType = "compiled.mach-o.dylib"; name = libopencv_imgcodecs.4.1.0.dylib; path = ../../../../usr/local/Cellar/opencv/4.1.0_2/lib/libopencv_imgcodecs.4.1.0.dylib; sourceTree = "<group>"; };
		CB5A55D722CD7ADF00F090C0 /* libopencv_fuzzy.4.1.0.dylib */ = {isa = PBXFileReference; lastKnownFileType = "compiled.mach-o.dylib"; name = libopencv_fuzzy.4.1.0.dylib; path = ../../../../usr/local/Cellar/opencv/4.1.0_2/lib/libopencv_fuzzy.4.1.0.dylib; sourceTree = "<group>"; };
		CB5A55D822CD7ADF00F090C0 /* libopencv_gapi.4.1.0.dylib */ = {isa = PBXFileReference; lastKnownFileType = "compiled.mach-o.dylib"; name = libopencv_gapi.4.1.0.dylib; path = ../../../../usr/local/Cellar/opencv/4.1.0_2/lib/libopencv_gapi.4.1.0.dylib; sourceTree = "<group>"; };
		CB5A55D922CD7ADF00F090C0 /* libopencv_plot.4.1.0.dylib */ = {isa = PBXFileReference; lastKnownFileType = "compiled.mach-o.dylib"; name = libopencv_plot.4.1.0.dylib; path = ../../../../usr/local/Cellar/opencv/4.1.0_2/lib/libopencv_plot.4.1.0.dylib; sourceTree = "<group>"; };
		CB5A55DA22CD7ADF00F090C0 /* libopencv_sfm.4.1.0.dylib */ = {isa = PBXFileReference; lastKnownFileType = "compiled.mach-o.dylib"; name = libopencv_sfm.4.1.0.dylib; path = ../../../../usr/local/Cellar/opencv/4.1.0_2/lib/libopencv_sfm.4.1.0.dylib; sourceTree = "<group>"; };
		CB5A55DB22CD7ADF00F090C0 /* libopencv_rgbd.4.1.0.dylib */ = {isa = PBXFileReference; lastKnownFileType = "compiled.mach-o.dylib"; name = libopencv_rgbd.4.1.0.dylib; path = ../../../../usr/local/Cellar/opencv/4.1.0_2/lib/libopencv_rgbd.4.1.0.dylib; sourceTree = "<group>"; };
		CB5A55DC22CD7ADF00F090C0 /* libopencv_shape.4.1.0.dylib */ = {isa = PBXFileReference; lastKnownFileType = "compiled.mach-o.dylib"; name = libopencv_shape.4.1.0.dylib; path = ../../../../usr/local/Cellar/opencv/4.1.0_2/lib/libopencv_shape.4.1.0.dylib; sourceTree = "<group>"; };
		CB5A55DD22CD7ADF00F090C0 /* libopencv_videostab.4.1.0.dylib */ = {isa = PBXFileReference; lastKnownFileType = "compiled.mach-o.dylib"; name = libopencv_videostab.4.1.0.dylib; path = ../../../../usr/local/Cellar/opencv/4.1.0_2/lib/libopencv_videostab.4.1.0.dylib; sourceTree = "<group>"; };
		CB5A55DE22CD7ADF00F090C0 /* libopencv_bioinspired.4.1.0.dylib */ = {isa = PBXFileReference; lastKnownFileType = "compiled.mach-o.dylib"; name = libopencv_bioinspired.4.1.0.dylib; path = ../../../../usr/local/Cellar/opencv/4.1.0_2/lib/libopencv_bioinspired.4.1.0.dylib; sourceTree = "<group>"; };
		CB5A55DF22CD7ADF00F090C0 /* libopencv_xobjdetect.4.1.0.dylib */ = {isa = PBXFileReference; lastKnownFileType = "compiled.mach-o.dylib"; name = libopencv_xobjdetect.4.1.0.dylib; path = ../../../../usr/local/Cellar/opencv/4.1.0_2/lib/libopencv_xobjdetect.4.1.0.dylib; sourceTree = "<group>"; };
		CB5A55E022CD7ADF00F090C0 /* libopencv_xphoto.4.1.0.dylib */ = {isa = PBXFileReference; lastKnownFileType = "compiled.mach-o.dylib"; name = libopencv_xphoto.4.1.0.dylib; path = ../../../../usr/local/Cellar/opencv/4.1.0_2/lib/libopencv_xphoto.4.1.0.dylib; sourceTree = "<group>"; };
		CB5A55E122CD7ADF00F090C0 /* libopencv_ml.4.1.0.dylib */ = {isa = PBXFileReference; lastKnownFileType = "compiled.mach-o.dylib"; name = libopencv_ml.4.1.0.dylib; path = ../../../../usr/local/Cellar/opencv/4.1.0_2/lib/libopencv_ml.4.1.0.dylib; sourceTree = "<group>"; };
		CB5A55E222CD7ADF00F090C0 /* libopencv_datasets.4.1.0.dylib */ = {isa = PBXFileReference; lastKnownFileType = "compiled.mach-o.dylib"; name = libopencv_datasets.4.1.0.dylib; path = ../../../../usr/local/Cellar/opencv/4.1.0_2/lib/libopencv_datasets.4.1.0.dylib; sourceTree = "<group>"; };
		CB5A55E322CD7ADF00F090C0 /* libopencv_highgui.4.1.0.dylib */ = {isa = PBXFileReference; lastKnownFileType = "compiled.mach-o.dylib"; name = libopencv_highgui.4.1.0.dylib; path = ../../../../usr/local/Cellar/opencv/4.1.0_2/lib/libopencv_highgui.4.1.0.dylib; sourceTree = "<group>"; };
		CB5A55E422CD7ADF00F090C0 /* libopencv_img_hash.4.1.0.dylib */ = {isa = PBXFileReference; lastKnownFileType = "compiled.mach-o.dylib"; name = libopencv_img_hash.4.1.0.dylib; path = ../../../../usr/local/Cellar/opencv/4.1.0_2/lib/libopencv_img_hash.4.1.0.dylib; sourceTree = "<group>"; };
		CB5A55E522CD7ADF00F090C0 /* libopencv_hfs.4.1.0.dylib */ = {isa = PBXFileReference; lastKnownFileType = "compiled.mach-o.dylib"; name = libopencv_hfs.4.1.0.dylib; path = ../../../../usr/local/Cellar/opencv/4.1.0_2/lib/libopencv_hfs.4.1.0.dylib; sourceTree = "<group>"; };
		CB5A55E622CD7ADF00F090C0 /* libopencv_core.4.1.0.dylib */ = {isa = PBXFileReference; lastKnownFileType = "compiled.mach-o.dylib"; name = libopencv_core.4.1.0.dylib; path = ../../../../usr/local/Cellar/opencv/4.1.0_2/lib/libopencv_core.4.1.0.dylib; sourceTree = "<group>"; };
		CB5A55E722CD7ADF00F090C0 /* libopencv_surface_matching.4.1.0.dylib */ = {isa = PBXFileReference; lastKnownFileType = "compiled.mach-o.dylib"; name = libopencv_surface_matching.4.1.0.dylib; path = ../../../../usr/local/Cellar/opencv/4.1.0_2/lib/libopencv_surface_matching.4.1.0.dylib; sourceTree = "<group>"; };
		CB5A55E822CD7ADF00F090C0 /* libopencv_xfeatures2d.4.1.0.dylib */ = {isa = PBXFileReference; lastKnownFileType = "compiled.mach-o.dylib"; name = libopencv_xfeatures2d.4.1.0.dylib; path = ../../../../usr/local/Cellar/opencv/4.1.0_2/lib/libopencv_xfeatures2d.4.1.0.dylib; sourceTree = "<group>"; };
		CB5A55E922CD7ADF00F090C0 /* libopencv_saliency.4.1.0.dylib */ = {isa = PBXFileReference; lastKnownFileType = "compiled.mach-o.dylib"; name = libopencv_saliency.4.1.0.dylib; path = ../../../../usr/local/Cellar/opencv/4.1.0_2/lib/libopencv_saliency.4.1.0.dylib; sourceTree = "<group>"; };
		CB5A55EA22CD7ADF00F090C0 /* libopencv_phase_unwrapping.4.1.0.dylib */ = {isa = PBXFileReference; lastKnownFileType = "compiled.mach-o.dylib"; name = libopencv_phase_unwrapping.4.1.0.dylib; path = ../../../../usr/local/Cellar/opencv/4.1.0_2/lib/libopencv_phase_unwrapping.4.1.0.dylib; sourceTree = "<group>"; };
		CB5A55EB22CD7ADF00F090C0 /* libopencv_photo.4.1.0.dylib */ = {isa = PBXFileReference; lastKnownFileType = "compiled.mach-o.dylib"; name = libopencv_photo.4.1.0.dylib; path = ../../../../usr/local/Cellar/opencv/4.1.0_2/lib/libopencv_photo.4.1.0.dylib; sourceTree = "<group>"; };
		CB5A55EC22CD7ADF00F090C0 /* libopencv_line_descriptor.4.1.0.dylib */ = {isa = PBXFileReference; lastKnownFileType = "compiled.mach-o.dylib"; name = libopencv_line_descriptor.4.1.0.dylib; path = ../../../../usr/local/Cellar/opencv/4.1.0_2/lib/libopencv_line_descriptor.4.1.0.dylib; sourceTree = "<group>"; };
		CB5A55ED22CD7ADF00F090C0 /* libopencv_quality.4.1.0.dylib */ = {isa = PBXFileReference; lastKnownFileType = "compiled.mach-o.dylib"; name = libopencv_quality.4.1.0.dylib; path = ../../../../usr/local/Cellar/opencv/4.1.0_2/lib/libopencv_quality.4.1.0.dylib; sourceTree = "<group>"; };
		CB5A55EE22CD7ADF00F090C0 /* libopencv_tracking.4.1.0.dylib */ = {isa = PBXFileReference; lastKnownFileType = "compiled.mach-o.dylib"; name = libopencv_tracking.4.1.0.dylib; path = ../../../../usr/local/Cellar/opencv/4.1.0_2/lib/libopencv_tracking.4.1.0.dylib; sourceTree = "<group>"; };
		CB5A55EF22CD7ADF00F090C0 /* libopencv_aruco.4.1.0.dylib */ = {isa = PBXFileReference; lastKnownFileType = "compiled.mach-o.dylib"; name = libopencv_aruco.4.1.0.dylib; path = ../../../../usr/local/Cellar/opencv/4.1.0_2/lib/libopencv_aruco.4.1.0.dylib; sourceTree = "<group>"; };
		CB5A55F022CD7ADF00F090C0 /* libopencv_text.4.1.0.dylib */ = {isa = PBXFileReference; lastKnownFileType = "compiled.mach-o.dylib"; name = libopencv_text.4.1.0.dylib; path = ../../../../usr/local/Cellar/opencv/4.1.0_2/lib/libopencv_text.4.1.0.dylib; sourceTree = "<group>"; };
		CB5A55F122CD7ADF00F090C0 /* libopencv_stereo.4.1.0.dylib */ = {isa = PBXFileReference; lastKnownFileType = "compiled.mach-o.dylib"; name = libopencv_stereo.4.1.0.dylib; path = ../../../../usr/local/Cellar/opencv/4.1.0_2/lib/libopencv_stereo.4.1.0.dylib; sourceTree = "<group>"; };
		CB5A55F222CD7ADF00F090C0 /* libopencv_superres.4.1.0.dylib */ = {isa = PBXFileReference; lastKnownFileType = "compiled.mach-o.dylib"; name = libopencv_superres.4.1.0.dylib; path = ../../../../usr/local/Cellar/opencv/4.1.0_2/lib/libopencv_superres.4.1.0.dylib; sourceTree = "<group>"; };
		CB5A55F322CD7ADF00F090C0 /* libopencv_face.4.1.0.dylib */ = {isa = PBXFileReference; lastKnownFileType = "compiled.mach-o.dylib"; name = libopencv_face.4.1.0.dylib; path = ../../../../usr/local/Cellar/opencv/4.1.0_2/lib/libopencv_face.4.1.0.dylib; sourceTree = "<group>"; };
		CB5A55F422CD7ADF00F090C0 /* libopencv_bgsegm.4.1.0.dylib */ = {isa = PBXFileReference; lastKnownFileType = "compiled.mach-o.dylib"; name = libopencv_bgsegm.4.1.0.dylib; path = ../../../../usr/local/Cellar/opencv/4.1.0_2/lib/libopencv_bgsegm.4.1.0.dylib; sourceTree = "<group>"; };
		CB5A55F522CD7ADF00F090C0 /* libopencv_dnn_objdetect.4.1.0.dylib */ = {isa = PBXFileReference; lastKnownFileType = "compiled.mach-o.dylib"; name = libopencv_dnn_objdetect.4.1.0.dylib; path = ../../../../usr/local/Cellar/opencv/4.1.0_2/lib/libopencv_dnn_objdetect.4.1.0.dylib; sourceTree = "<group>"; };
		CB5A55F622CD7ADF00F090C0 /* libopencv_calib3d.4.1.0.dylib */ = {isa = PBXFileReference; lastKnownFileType = "compiled.mach-o.dylib"; name = libopencv_calib3d.4.1.0.dylib; path = ../../../../usr/local/Cellar/opencv/4.1.0_2/lib/libopencv_calib3d.4.1.0.dylib; sourceTree = "<group>"; };
		CB5A55F722CD7ADF00F090C0 /* libopencv_features2d.4.1.0.dylib */ = {isa = PBXFileReference; lastKnownFileType = "compiled.mach-o.dylib"; name = libopencv_features2d.4.1.0.dylib; path = ../../../../usr/local/Cellar/opencv/4.1.0_2/lib/libopencv_features2d.4.1.0.dylib; sourceTree = "<group>"; };
		CB5A55F822CD7AE000F090C0 /* libopencv_flann.4.1.0.dylib */ = {isa = PBXFileReference; lastKnownFileType = "compiled.mach-o.dylib"; name = libopencv_flann.4.1.0.dylib; path = ../../../../usr/local/Cellar/opencv/4.1.0_2/lib/libopencv_flann.4.1.0.dylib; sourceTree = "<group>"; };
		CB5A55F922CD7AE000F090C0 /* libopencv_optflow.4.1.0.dylib */ = {isa = PBXFileReference; lastKnownFileType = "compiled.mach-o.dylib"; name = libopencv_optflow.4.1.0.dylib; path = ../../../../usr/local/Cellar/opencv/4.1.0_2/lib/libopencv_optflow.4.1.0.dylib; sourceTree = "<group>"; };
		CB5A55FA22CD7AE000F090C0 /* libopencv_stitching.4.1.0.dylib */ = {isa = PBXFileReference; lastKnownFileType = "compiled.mach-o.dylib"; name = libopencv_stitching.4.1.0.dylib; path = ../../../../usr/local/Cellar/opencv/4.1.0_2/lib/libopencv_stitching.4.1.0.dylib; sourceTree = "<group>"; };
		CB5A55FB22CD7AE000F090C0 /* libopencv_reg.4.1.0.dylib */ = {isa = PBXFileReference; lastKnownFileType = "compiled.mach-o.dylib"; name = libopencv_reg.4.1.0.dylib; path = ../../../../usr/local/Cellar/opencv/4.1.0_2/lib/libopencv_reg.4.1.0.dylib; sourceTree = "<group>"; };
		CB5A55FC22CD7AE000F090C0 /* libopencv_structured_light.4.1.0.dylib */ = {isa = PBXFileReference; lastKnownFileType = "compiled.mach-o.dylib"; name = libopencv_structured_light.4.1.0.dylib; path = ../../../../usr/local/Cellar/opencv/4.1.0_2/lib/libopencv_structured_light.4.1.0.dylib; sourceTree = "<group>"; };
		CB5A562D22CD7AF900F090C0 /* HOGImage.cpp */ = {isa = PBXFileReference; lastKnownFileType = sourcecode.cpp.cpp; path = HOGImage.cpp; sourceTree = "<group>"; };
		CB5A562E22CD7AF900F090C0 /* HOGImage.hpp */ = {isa = PBXFileReference; lastKnownFileType = sourcecode.cpp.h; path = HOGImage.hpp; sourceTree = "<group>"; };
		CB5A563122CD7C4B00F090C0 /* images */ = {isa = PBXFileReference; lastKnownFileType = folder; path = images; sourceTree = "<group>"; };
/* End PBXFileReference section */

/* Begin PBXFrameworksBuildPhase section */
		CB5A55BF22CD7A9500F090C0 /* Frameworks */ = {
			isa = PBXFrameworksBuildPhase;
			buildActionMask = 2147483647;
			files = (
				CB5A55FD22CD7AE000F090C0 /* libopencv_ccalib.4.1.0.dylib in Frameworks */,
				CB5A55FE22CD7AE000F090C0 /* libopencv_dpm.4.1.0.dylib in Frameworks */,
				CB5A55FF22CD7AE000F090C0 /* libopencv_ximgproc.4.1.0.dylib in Frameworks */,
				CB5A560022CD7AE000F090C0 /* libopencv_objdetect.4.1.0.dylib in Frameworks */,
				CB5A560122CD7AE000F090C0 /* libopencv_dnn.4.1.0.dylib in Frameworks */,
				CB5A560222CD7AE000F090C0 /* libopencv_videoio.4.1.0.dylib in Frameworks */,
				CB5A560322CD7AE000F090C0 /* libopencv_video.4.1.0.dylib in Frameworks */,
				CB5A560422CD7AE000F090C0 /* libopencv_imgproc.4.1.0.dylib in Frameworks */,
				CB5A560522CD7AE000F090C0 /* libopencv_freetype.4.1.0.dylib in Frameworks */,
				CB5A560622CD7AE000F090C0 /* libopencv_imgcodecs.4.1.0.dylib in Frameworks */,
				CB5A560722CD7AE000F090C0 /* libopencv_fuzzy.4.1.0.dylib in Frameworks */,
				CB5A560822CD7AE000F090C0 /* libopencv_gapi.4.1.0.dylib in Frameworks */,
				CB5A560922CD7AE000F090C0 /* libopencv_plot.4.1.0.dylib in Frameworks */,
				CB5A560A22CD7AE000F090C0 /* libopencv_sfm.4.1.0.dylib in Frameworks */,
				CB5A560B22CD7AE000F090C0 /* libopencv_rgbd.4.1.0.dylib in Frameworks */,
				CB5A560C22CD7AE000F090C0 /* libopencv_shape.4.1.0.dylib in Frameworks */,
				CB5A560D22CD7AE000F090C0 /* libopencv_videostab.4.1.0.dylib in Frameworks */,
				CB5A560E22CD7AE000F090C0 /* libopencv_bioinspired.4.1.0.dylib in Frameworks */,
				CB5A560F22CD7AE000F090C0 /* libopencv_xobjdetect.4.1.0.dylib in Frameworks */,
				CB5A561022CD7AE000F090C0 /* libopencv_xphoto.4.1.0.dylib in Frameworks */,
				CB5A561122CD7AE000F090C0 /* libopencv_ml.4.1.0.dylib in Frameworks */,
				CB5A561222CD7AE000F090C0 /* libopencv_datasets.4.1.0.dylib in Frameworks */,
				CB5A561322CD7AE000F090C0 /* libopencv_highgui.4.1.0.dylib in Frameworks */,
				CB5A561422CD7AE000F090C0 /* libopencv_img_hash.4.1.0.dylib in Frameworks */,
				CB5A561522CD7AE000F090C0 /* libopencv_hfs.4.1.0.dylib in Frameworks */,
				CB5A561622CD7AE000F090C0 /* libopencv_core.4.1.0.dylib in Frameworks */,
				CB5A561722CD7AE000F090C0 /* libopencv_surface_matching.4.1.0.dylib in Frameworks */,
				CB5A561822CD7AE000F090C0 /* libopencv_xfeatures2d.4.1.0.dylib in Frameworks */,
				CB5A561922CD7AE000F090C0 /* libopencv_saliency.4.1.0.dylib in Frameworks */,
				CB5A561A22CD7AE000F090C0 /* libopencv_phase_unwrapping.4.1.0.dylib in Frameworks */,
				CB5A561B22CD7AE000F090C0 /* libopencv_photo.4.1.0.dylib in Frameworks */,
				CB5A561C22CD7AE000F090C0 /* libopencv_line_descriptor.4.1.0.dylib in Frameworks */,
				CB5A561D22CD7AE000F090C0 /* libopencv_quality.4.1.0.dylib in Frameworks */,
				CB5A561E22CD7AE000F090C0 /* libopencv_tracking.4.1.0.dylib in Frameworks */,
				CB5A561F22CD7AE000F090C0 /* libopencv_aruco.4.1.0.dylib in Frameworks */,
				CB5A562022CD7AE000F090C0 /* libopencv_text.4.1.0.dylib in Frameworks */,
				CB5A562122CD7AE000F090C0 /* libopencv_stereo.4.1.0.dylib in Frameworks */,
				CB5A562222CD7AE000F090C0 /* libopencv_superres.4.1.0.dylib in Frameworks */,
				CB5A562322CD7AE000F090C0 /* libopencv_face.4.1.0.dylib in Frameworks */,
				CB5A562422CD7AE000F090C0 /* libopencv_bgsegm.4.1.0.dylib in Frameworks */,
				CB5A562522CD7AE000F090C0 /* libopencv_dnn_objdetect.4.1.0.dylib in Frameworks */,
				CB5A562622CD7AE000F090C0 /* libopencv_calib3d.4.1.0.dylib in Frameworks */,
				CB5A562722CD7AE000F090C0 /* libopencv_features2d.4.1.0.dylib in Frameworks */,
				CB5A562822CD7AE000F090C0 /* libopencv_flann.4.1.0.dylib in Frameworks */,
				CB5A562922CD7AE000F090C0 /* libopencv_optflow.4.1.0.dylib in Frameworks */,
				CB5A562A22CD7AE000F090C0 /* libopencv_stitching.4.1.0.dylib in Frameworks */,
				CB5A562B22CD7AE000F090C0 /* libopencv_reg.4.1.0.dylib in Frameworks */,
				CB5A562C22CD7AE000F090C0 /* libopencv_structured_light.4.1.0.dylib in Frameworks */,
			);
			runOnlyForDeploymentPostprocessing = 0;
		};
/* End PBXFrameworksBuildPhase section */

/* Begin PBXGroup section */
		CB5A55B922CD7A9500F090C0 = {
			isa = PBXGroup;
			children = (
				CB5A563122CD7C4B00F090C0 /* images */,
				CB5A55C422CD7A9500F090C0 /* HOGImage */,
				CB5A55C322CD7A9500F090C0 /* Products */,
				CB5A55CC22CD7ADF00F090C0 /* Frameworks */,
			);
			sourceTree = "<group>";
		};
		CB5A55C322CD7A9500F090C0 /* Products */ = {
			isa = PBXGroup;
			children = (
				CB5A55C222CD7A9500F090C0 /* HOGImage */,
			);
			name = Products;
			sourceTree = "<group>";
		};
		CB5A55C422CD7A9500F090C0 /* HOGImage */ = {
			isa = PBXGroup;
			children = (
				CB5A55C522CD7A9500F090C0 /* main.cpp */,
				CB5A562D22CD7AF900F090C0 /* HOGImage.cpp */,
				CB5A562E22CD7AF900F090C0 /* HOGImage.hpp */,
			);
			path = HOGImage;
			sourceTree = "<group>";
		};
		CB5A55CC22CD7ADF00F090C0 /* Frameworks */ = {
			isa = PBXGroup;
			children = (
				CB5A55EF22CD7ADF00F090C0 /* libopencv_aruco.4.1.0.dylib */,
				CB5A55F422CD7ADF00F090C0 /* libopencv_bgsegm.4.1.0.dylib */,
				CB5A55DE22CD7ADF00F090C0 /* libopencv_bioinspired.4.1.0.dylib */,
				CB5A55F622CD7ADF00F090C0 /* libopencv_calib3d.4.1.0.dylib */,
				CB5A55CD22CD7ADF00F090C0 /* libopencv_ccalib.4.1.0.dylib */,
				CB5A55E622CD7ADF00F090C0 /* libopencv_core.4.1.0.dylib */,
				CB5A55E222CD7ADF00F090C0 /* libopencv_datasets.4.1.0.dylib */,
				CB5A55F522CD7ADF00F090C0 /* libopencv_dnn_objdetect.4.1.0.dylib */,
				CB5A55D122CD7ADF00F090C0 /* libopencv_dnn.4.1.0.dylib */,
				CB5A55CE22CD7ADF00F090C0 /* libopencv_dpm.4.1.0.dylib */,
				CB5A55F322CD7ADF00F090C0 /* libopencv_face.4.1.0.dylib */,
				CB5A55F722CD7ADF00F090C0 /* libopencv_features2d.4.1.0.dylib */,
				CB5A55F822CD7AE000F090C0 /* libopencv_flann.4.1.0.dylib */,
				CB5A55D522CD7ADF00F090C0 /* libopencv_freetype.4.1.0.dylib */,
				CB5A55D722CD7ADF00F090C0 /* libopencv_fuzzy.4.1.0.dylib */,
				CB5A55D822CD7ADF00F090C0 /* libopencv_gapi.4.1.0.dylib */,
				CB5A55E522CD7ADF00F090C0 /* libopencv_hfs.4.1.0.dylib */,
				CB5A55E322CD7ADF00F090C0 /* libopencv_highgui.4.1.0.dylib */,
				CB5A55E422CD7ADF00F090C0 /* libopencv_img_hash.4.1.0.dylib */,
				CB5A55D622CD7ADF00F090C0 /* libopencv_imgcodecs.4.1.0.dylib */,
				CB5A55D422CD7ADF00F090C0 /* libopencv_imgproc.4.1.0.dylib */,
				CB5A55EC22CD7ADF00F090C0 /* libopencv_line_descriptor.4.1.0.dylib */,
				CB5A55E122CD7ADF00F090C0 /* libopencv_ml.4.1.0.dylib */,
				CB5A55D022CD7ADF00F090C0 /* libopencv_objdetect.4.1.0.dylib */,
				CB5A55F922CD7AE000F090C0 /* libopencv_optflow.4.1.0.dylib */,
				CB5A55EA22CD7ADF00F090C0 /* libopencv_phase_unwrapping.4.1.0.dylib */,
				CB5A55EB22CD7ADF00F090C0 /* libopencv_photo.4.1.0.dylib */,
				CB5A55D922CD7ADF00F090C0 /* libopencv_plot.4.1.0.dylib */,
				CB5A55ED22CD7ADF00F090C0 /* libopencv_quality.4.1.0.dylib */,
				CB5A55FB22CD7AE000F090C0 /* libopencv_reg.4.1.0.dylib */,
				CB5A55DB22CD7ADF00F090C0 /* libopencv_rgbd.4.1.0.dylib */,
				CB5A55E922CD7ADF00F090C0 /* libopencv_saliency.4.1.0.dylib */,
				CB5A55DA22CD7ADF00F090C0 /* libopencv_sfm.4.1.0.dylib */,
				CB5A55DC22CD7ADF00F090C0 /* libopencv_shape.4.1.0.dylib */,
				CB5A55F122CD7ADF00F090C0 /* libopencv_stereo.4.1.0.dylib */,
				CB5A55FA22CD7AE000F090C0 /* libopencv_stitching.4.1.0.dylib */,
				CB5A55FC22CD7AE000F090C0 /* libopencv_structured_light.4.1.0.dylib */,
				CB5A55F222CD7ADF00F090C0 /* libopencv_superres.4.1.0.dylib */,
				CB5A55E722CD7ADF00F090C0 /* libopencv_surface_matching.4.1.0.dylib */,
				CB5A55F022CD7ADF00F090C0 /* libopencv_text.4.1.0.dylib */,
				CB5A55EE22CD7ADF00F090C0 /* libopencv_tracking.4.1.0.dylib */,
				CB5A55D322CD7ADF00F090C0 /* libopencv_video.4.1.0.dylib */,
				CB5A55D222CD7ADF00F090C0 /* libopencv_videoio.4.1.0.dylib */,
				CB5A55DD22CD7ADF00F090C0 /* libopencv_videostab.4.1.0.dylib */,
				CB5A55E822CD7ADF00F090C0 /* libopencv_xfeatures2d.4.1.0.dylib */,
				CB5A55CF22CD7ADF00F090C0 /* libopencv_ximgproc.4.1.0.dylib */,
				CB5A55DF22CD7ADF00F090C0 /* libopencv_xobjdetect.4.1.0.dylib */,
				CB5A55E022CD7ADF00F090C0 /* libopencv_xphoto.4.1.0.dylib */,
			);
			name = Frameworks;
			sourceTree = "<group>";
		};
/* End PBXGroup section */

/* Begin PBXNativeTarget section */
		CB5A55C122CD7A9500F090C0 /* HOGImage */ = {
			isa = PBXNativeTarget;
			buildConfigurationList = CB5A55C922CD7A9500F090C0 /* Build configuration list for PBXNativeTarget "HOGImage" */;
			buildPhases = (
				CB5A55BE22CD7A9500F090C0 /* Sources */,
				CB5A55BF22CD7A9500F090C0 /* Frameworks */,
				CB5A55C022CD7A9500F090C0 /* CopyFiles */,
			);
			buildRules = (
			);
			dependencies = (
			);
			name = HOGImage;
			productName = HOGImage;
			productReference = CB5A55C222CD7A9500F090C0 /* HOGImage */;
			productType = "com.apple.product-type.tool";
		};
/* End PBXNativeTarget section */

/* Begin PBXProject section */
		CB5A55BA22CD7A9500F090C0 /* Project object */ = {
			isa = PBXProject;
			attributes = {
				LastUpgradeCheck = 1020;
				ORGANIZATIONNAME = "Zhi-Qiang Zhou";
				TargetAttributes = {
					CB5A55C122CD7A9500F090C0 = {
						CreatedOnToolsVersion = 10.2.1;
					};
				};
			};
			buildConfigurationList = CB5A55BD22CD7A9500F090C0 /* Build configuration list for PBXProject "HOGImage" */;
			compatibilityVersion = "Xcode 9.3";
			developmentRegion = en;
			hasScannedForEncodings = 0;
			knownRegions = (
				en,
			);
			mainGroup = CB5A55B922CD7A9500F090C0;
			productRefGroup = CB5A55C322CD7A9500F090C0 /* Products */;
			projectDirPath = "";
			projectRoot = "";
			targets = (
				CB5A55C122CD7A9500F090C0 /* HOGImage */,
			);
		};
/* End PBXProject section */

/* Begin PBXSourcesBuildPhase section */
		CB5A55BE22CD7A9500F090C0 /* Sources */ = {
			isa = PBXSourcesBuildPhase;
			buildActionMask = 2147483647;
			files = (
				CB5A562F22CD7AF900F090C0 /* HOGImage.cpp in Sources */,
				CB5A55C622CD7A9500F090C0 /* main.cpp in Sources */,
			);
			runOnlyForDeploymentPostprocessing = 0;
		};
/* End PBXSourcesBuildPhase section */

/* Begin XCBuildConfiguration section */
		CB5A55C722CD7A9500F090C0 /* Debug */ = {
			isa = XCBuildConfiguration;
			buildSettings = {
				ALWAYS_SEARCH_USER_PATHS = NO;
				CLANG_ANALYZER_NONNULL = YES;
				CLANG_ANALYZER_NUMBER_OBJECT_CONVERSION = YES_AGGRESSIVE;
				CLANG_CXX_LANGUAGE_STANDARD = "gnu++14";
				CLANG_CXX_LIBRARY = "libc++";
				CLANG_ENABLE_MODULES = YES;
				CLANG_ENABLE_OBJC_ARC = YES;
				CLANG_ENABLE_OBJC_WEAK = YES;
				CLANG_WARN_BLOCK_CAPTURE_AUTORELEASING = YES;
				CLANG_WARN_BOOL_CONVERSION = YES;
				CLANG_WARN_COMMA = YES;
				CLANG_WARN_CONSTANT_CONVERSION = YES;
				CLANG_WARN_DEPRECATED_OBJC_IMPLEMENTATIONS = YES;
				CLANG_WARN_DIRECT_OBJC_ISA_USAGE = YES_ERROR;
				CLANG_WARN_DOCUMENTATION_COMMENTS = YES;
				CLANG_WARN_EMPTY_BODY = YES;
				CLANG_WARN_ENUM_CONVERSION = YES;
				CLANG_WARN_INFINITE_RECURSION = YES;
				CLANG_WARN_INT_CONVERSION = YES;
				CLANG_WARN_NON_LITERAL_NULL_CONVERSION = YES;
				CLANG_WARN_OBJC_IMPLICIT_RETAIN_SELF = YES;
				CLANG_WARN_OBJC_LITERAL_CONVERSION = YES;
				CLANG_WARN_OBJC_ROOT_CLASS = YES_ERROR;
				CLANG_WARN_RANGE_LOOP_ANALYSIS = YES;
				CLANG_WARN_STRICT_PROTOTYPES = YES;
				CLANG_WARN_SUSPICIOUS_MOVE = YES;
				CLANG_WARN_UNGUARDED_AVAILABILITY = YES_AGGRESSIVE;
				CLANG_WARN_UNREACHABLE_CODE = YES;
				CLANG_WARN__DUPLICATE_METHOD_MATCH = YES;
				CODE_SIGN_IDENTITY = "Mac Developer";
				COPY_PHASE_STRIP = NO;
				DEBUG_INFORMATION_FORMAT = dwarf;
				ENABLE_STRICT_OBJC_MSGSEND = YES;
				ENABLE_TESTABILITY = YES;
				GCC_C_LANGUAGE_STANDARD = gnu11;
				GCC_DYNAMIC_NO_PIC = NO;
				GCC_NO_COMMON_BLOCKS = YES;
				GCC_OPTIMIZATION_LEVEL = 0;
				GCC_PREPROCESSOR_DEFINITIONS = (
					"DEBUG=1",
					"$(inherited)",
				);
				GCC_WARN_64_TO_32_BIT_CONVERSION = YES;
				GCC_WARN_ABOUT_RETURN_TYPE = YES_ERROR;
				GCC_WARN_UNDECLARED_SELECTOR = YES;
				GCC_WARN_UNINITIALIZED_AUTOS = YES_AGGRESSIVE;
				GCC_WARN_UNUSED_FUNCTION = YES;
				GCC_WARN_UNUSED_VARIABLE = YES;
				MACOSX_DEPLOYMENT_TARGET = 10.14;
				MTL_ENABLE_DEBUG_INFO = INCLUDE_SOURCE;
				MTL_FAST_MATH = YES;
				ONLY_ACTIVE_ARCH = YES;
				SDKROOT = macosx;
			};
			name = Debug;
		};
		CB5A55C822CD7A9500F090C0 /* Release */ = {
			isa = XCBuildConfiguration;
			buildSettings = {
				ALWAYS_SEARCH_USER_PATHS = NO;
				CLANG_ANALYZER_NONNULL = YES;
				CLANG_ANALYZER_NUMBER_OBJECT_CONVERSION = YES_AGGRESSIVE;
				CLANG_CXX_LANGUAGE_STANDARD = "gnu++14";
				CLANG_CXX_LIBRARY = "libc++";
				CLANG_ENABLE_MODULES = YES;
				CLANG_ENABLE_OBJC_ARC = YES;
				CLANG_ENABLE_OBJC_WEAK = YES;
				CLANG_WARN_BLOCK_CAPTURE_AUTORELEASING = YES;
				CLANG_WARN_BOOL_CONVERSION = YES;
				CLANG_WARN_COMMA = YES;
				CLANG_WARN_CONSTANT_CONVERSION = YES;
				CLANG_WARN_DEPRECATED_OBJC_IMPLEMENTATIONS = YES;
				CLANG_WARN_DIRECT_OBJC_ISA_USAGE = YES_ERROR;
				CLANG_WARN_DOCUMENTATION_COMMENTS = YES;
				CLANG_WARN_EMPTY_BODY = YES;
				CLANG_WARN_ENUM_CONVERSION = YES;
				CLANG_WARN_INFINITE_RECURSION = YES;
				CLANG_WARN_INT_CONVERSION = YES;
				CLANG_WARN_NON_LITERAL_NULL_CONVERSION = YES;
				CLANG_WARN_OBJC_IMPLICIT_RETAIN_SELF = YES;
				CLANG_WARN_OBJC_LITERAL_CONVERSION = YES;
				CLANG_WARN_OBJC_ROOT_CLASS = YES_ERROR;
				CLANG_WARN_RANGE_LOOP_ANALYSIS = YES;
				CLANG_WARN_STRICT_PROTOTYPES = YES;
				CLANG_WARN_SUSPICIOUS_MOVE = YES;
				CLANG_WARN_UNGUARDED_AVAILABILITY = YES_AGGRESSIVE;
				CLANG_WARN_UNREACHABLE_CODE = YES;
				CLANG_WARN__DUPLICATE_METHOD_MATCH = YES;
				CODE_SIGN_IDENTITY = "Mac Developer";
				COPY_PHASE_STRIP = NO;
				DEBUG_INFORMATION_FORMAT = "dwarf-with-dsym";
				ENABLE_NS_ASSERTIONS = NO;
				ENABLE_STRICT_OBJC_MSGSEND = YES;
				GCC_C_LANGUAGE_STANDARD = gnu11;
				GCC_NO_COMMON_BLOCKS = YES;
				GCC_WARN_64_TO_32_BIT_CONVERSION = YES;
				GCC_WARN_ABOUT_RETURN_TYPE = YES_ERROR;
				GCC_WARN_UNDECLARED_SELECTOR = YES;
				GCC_WARN_UNINITIALIZED_AUTOS = YES_AGGRESSIVE;
				GCC_WARN_UNUSED_FUNCTION = YES;
				GCC_WARN_UNUSED_VARIABLE = YES;
				MACOSX_DEPLOYMENT_TARGET = 10.14;
				MTL_ENABLE_DEBUG_INFO = NO;
				MTL_FAST_MATH = YES;
				SDKROOT = macosx;
			};
			name = Release;
		};
		CB5A55CA22CD7A9500F090C0 /* Debug */ = {
			isa = XCBuildConfiguration;
			buildSettings = {
				CODE_SIGN_STYLE = Automatic;
				DEVELOPMENT_TEAM = W2385U6F5D;
				HEADER_SEARCH_PATHS = /usr/local/include/opencv4;
				LIBRARY_SEARCH_PATHS = (
					/usr/local/lib,
					/usr/local/Cellar/opencv/4.1.0_2/lib,
				);
				PRODUCT_NAME = "$(TARGET_NAME)";
			};
			name = Debug;
		};
		CB5A55CB22CD7A9500F090C0 /* Release */ = {
			isa = XCBuildConfiguration;
			buildSettings = {
				CODE_SIGN_STYLE = Automatic;
				DEVELOPMENT_TEAM = W2385U6F5D;
				HEADER_SEARCH_PATHS = /usr/local/include/opencv4;
				LIBRARY_SEARCH_PATHS = (
					/usr/local/lib,
					/usr/local/Cellar/opencv/4.1.0_2/lib,
				);
				PRODUCT_NAME = "$(TARGET_NAME)";
			};
			name = Release;
		};
/* End XCBuildConfiguration section */

/* Begin XCConfigurationList section */
		CB5A55BD22CD7A9500F090C0 /* Build configuration list for PBXProject "HOGImage" */ = {
			isa = XCConfigurationList;
			buildConfigurations = (
				CB5A55C722CD7A9500F090C0 /* Debug */,
				CB5A55C822CD7A9500F090C0 /* Release */,
			);
			defaultConfigurationIsVisible = 0;
			defaultConfigurationName = Release;
		};
		CB5A55C922CD7A9500F090C0 /* Build configuration list for PBXNativeTarget "HOGImage" */ = {
			isa = XCConfigurationList;
			buildConfigurations = (
				CB5A55CA22CD7A9500F090C0 /* Debug */,
				CB5A55CB22CD7A9500F090C0 /* Release */,
			);
			defaultConfigurationIsVisible = 0;
			defaultConfigurationName = Release;
		};
/* End XCConfigurationList section */
	};
	rootObject = CB5A55BA22CD7A9500F090C0 /* Project object */;
}
